// !$*UTF8*$!
{
	archiveVersion = 1;
	classes = {
	};
	objectVersion = 46;
	objects = {

/* Begin PBXBuildFile section */
		0025D7F51EBC5CE80010FA75 /* BaseCarListViewController.swift in Sources */ = {isa = PBXBuildFile; fileRef = 0025D7F41EBC5CE80010FA75 /* BaseCarListViewController.swift */; };
		0025D7F91EBC5D150010FA75 /* FavoriteListViewController.swift in Sources */ = {isa = PBXBuildFile; fileRef = 0025D7F81EBC5D150010FA75 /* FavoriteListViewController.swift */; };
		0025D7FB1EBC5D1D0010FA75 /* CarListViewController.swift in Sources */ = {isa = PBXBuildFile; fileRef = 0025D7FA1EBC5D1D0010FA75 /* CarListViewController.swift */; };
		0025D7FD1EBC5EF50010FA75 /* Media.xcassets in Resources */ = {isa = PBXBuildFile; fileRef = 0025D7FC1EBC5EF50010FA75 /* Media.xcassets */; };
		0025D8001EBC627F0010FA75 /* RootTabViewController.swift in Sources */ = {isa = PBXBuildFile; fileRef = 0025D7FF1EBC627F0010FA75 /* RootTabViewController.swift */; };
		0025D8071EBC67190010FA75 /* DataAccessController.swift in Sources */ = {isa = PBXBuildFile; fileRef = 0025D8061EBC67190010FA75 /* DataAccessController.swift */; };
		0025D80F1EBC67AF0010FA75 /* Settings.plist in Resources */ = {isa = PBXBuildFile; fileRef = 0025D80E1EBC67AF0010FA75 /* Settings.plist */; };
		0025D81B1EBC6ED00010FA75 /* Vehicle.swift in Sources */ = {isa = PBXBuildFile; fileRef = 0025D8191EBC6ED00010FA75 /* Vehicle.swift */; };
		0025D81F1EBC73350010FA75 /* OnlineController.swift in Sources */ = {isa = PBXBuildFile; fileRef = 0025D81E1EBC73350010FA75 /* OnlineController.swift */; };
		0025D8211EBC73400010FA75 /* FavoritesController.swift in Sources */ = {isa = PBXBuildFile; fileRef = 0025D8201EBC73400010FA75 /* FavoritesController.swift */; };
		0025D8231EBC8B5F0010FA75 /* DBController.swift in Sources */ = {isa = PBXBuildFile; fileRef = 0025D8221EBC8B5F0010FA75 /* DBController.swift */; };
		0025D8291EBC8DA00010FA75 /* BaseDataFetcher.swift in Sources */ = {isa = PBXBuildFile; fileRef = 0025D8261EBC8DA00010FA75 /* BaseDataFetcher.swift */; };
		0025D82A1EBC8DA00010FA75 /* CarsDataFetcher.swift in Sources */ = {isa = PBXBuildFile; fileRef = 0025D8281EBC8DA00010FA75 /* CarsDataFetcher.swift */; };
		0025D82E1EBC95880010FA75 /* VehicleTableViewCell.swift in Sources */ = {isa = PBXBuildFile; fileRef = 0025D82D1EBC95880010FA75 /* VehicleTableViewCell.swift */; };
		0025D8321EBC95EA0010FA75 /* VehicleTableViewCell.xib in Resources */ = {isa = PBXBuildFile; fileRef = 0025D8311EBC95EA0010FA75 /* VehicleTableViewCell.xib */; };
		0025D83B1EBDBDA80010FA75 /* AysncLoadImage+UIImageView.swift in Sources */ = {isa = PBXBuildFile; fileRef = 0025D83A1EBDBDA80010FA75 /* AysncLoadImage+UIImageView.swift */; };
		0025D83D1EBDD55E0010FA75 /* Sorting+BaseCarListViewController.swift in Sources */ = {isa = PBXBuildFile; fileRef = 0025D83C1EBDD55E0010FA75 /* Sorting+BaseCarListViewController.swift */; };
		00D851451EBC541E008210E0 /* AppDelegate.swift in Sources */ = {isa = PBXBuildFile; fileRef = 00D851441EBC541E008210E0 /* AppDelegate.swift */; };
		00D8514A1EBC541E008210E0 /* Main.storyboard in Resources */ = {isa = PBXBuildFile; fileRef = 00D851481EBC541E008210E0 /* Main.storyboard */; };
		00D8514C1EBC541E008210E0 /* Assets.xcassets in Resources */ = {isa = PBXBuildFile; fileRef = 00D8514B1EBC541E008210E0 /* Assets.xcassets */; };
		00D8514F1EBC541E008210E0 /* LaunchScreen.storyboard in Resources */ = {isa = PBXBuildFile; fileRef = 00D8514D1EBC541E008210E0 /* LaunchScreen.storyboard */; };
		00D8515A1EBC541E008210E0 /* CarsSearchTests.swift in Sources */ = {isa = PBXBuildFile; fileRef = 00D851591EBC541E008210E0 /* CarsSearchTests.swift */; };
		00D851651EBC541E008210E0 /* CarsSearchUITests.swift in Sources */ = {isa = PBXBuildFile; fileRef = 00D851641EBC541E008210E0 /* CarsSearchUITests.swift */; };
		7B365BBFD418A54A3D01BFA8 /* Pods_CarsSearchUITests.framework in Frameworks */ = {isa = PBXBuildFile; fileRef = F0E414503A1E670FE6A49D1E /* Pods_CarsSearchUITests.framework */; };
		8C299148DC96A5A10AFB888F /* Pods_CarsSearch.framework in Frameworks */ = {isa = PBXBuildFile; fileRef = 3A74FBD77573E77B1A7F832B /* Pods_CarsSearch.framework */; };
		CB4A9D69C5101860A533EAC3 /* Pods_CarsSearchTests.framework in Frameworks */ = {isa = PBXBuildFile; fileRef = 40E25A767EBD9850FF272C0D /* Pods_CarsSearchTests.framework */; };
/* End PBXBuildFile section */

/* Begin PBXContainerItemProxy section */
		00D851561EBC541E008210E0 /* PBXContainerItemProxy */ = {
			isa = PBXContainerItemProxy;
			containerPortal = 00D851391EBC541E008210E0 /* Project object */;
			proxyType = 1;
			remoteGlobalIDString = 00D851401EBC541E008210E0;
			remoteInfo = CarsSearch;
		};
		00D851611EBC541E008210E0 /* PBXContainerItemProxy */ = {
			isa = PBXContainerItemProxy;
			containerPortal = 00D851391EBC541E008210E0 /* Project object */;
			proxyType = 1;
			remoteGlobalIDString = 00D851401EBC541E008210E0;
			remoteInfo = CarsSearch;
		};
/* End PBXContainerItemProxy section */

/* Begin PBXFileReference section */
		0025D7F41EBC5CE80010FA75 /* BaseCarListViewController.swift */ = {isa = PBXFileReference; fileEncoding = 4; lastKnownFileType = sourcecode.swift; path = BaseCarListViewController.swift; sourceTree = "<group>"; };
		0025D7F81EBC5D150010FA75 /* FavoriteListViewController.swift */ = {isa = PBXFileReference; fileEncoding = 4; lastKnownFileType = sourcecode.swift; path = FavoriteListViewController.swift; sourceTree = "<group>"; };
		0025D7FA1EBC5D1D0010FA75 /* CarListViewController.swift */ = {isa = PBXFileReference; fileEncoding = 4; lastKnownFileType = sourcecode.swift; path = CarListViewController.swift; sourceTree = "<group>"; };
		0025D7FC1EBC5EF50010FA75 /* Media.xcassets */ = {isa = PBXFileReference; lastKnownFileType = folder.assetcatalog; path = Media.xcassets; sourceTree = "<group>"; };
		0025D7FF1EBC627F0010FA75 /* RootTabViewController.swift */ = {isa = PBXFileReference; fileEncoding = 4; lastKnownFileType = sourcecode.swift; path = RootTabViewController.swift; sourceTree = "<group>"; };
		0025D8061EBC67190010FA75 /* DataAccessController.swift */ = {isa = PBXFileReference; fileEncoding = 4; lastKnownFileType = sourcecode.swift; path = DataAccessController.swift; sourceTree = "<group>"; };
		0025D80E1EBC67AF0010FA75 /* Settings.plist */ = {isa = PBXFileReference; fileEncoding = 4; lastKnownFileType = text.plist.xml; path = Settings.plist; sourceTree = "<group>"; };
		0025D8191EBC6ED00010FA75 /* Vehicle.swift */ = {isa = PBXFileReference; fileEncoding = 4; lastKnownFileType = sourcecode.swift; path = Vehicle.swift; sourceTree = "<group>"; };
		0025D81E1EBC73350010FA75 /* OnlineController.swift */ = {isa = PBXFileReference; fileEncoding = 4; lastKnownFileType = sourcecode.swift; path = OnlineController.swift; sourceTree = "<group>"; };
		0025D8201EBC73400010FA75 /* FavoritesController.swift */ = {isa = PBXFileReference; fileEncoding = 4; lastKnownFileType = sourcecode.swift; path = FavoritesController.swift; sourceTree = "<group>"; };
		0025D8221EBC8B5F0010FA75 /* DBController.swift */ = {isa = PBXFileReference; fileEncoding = 4; lastKnownFileType = sourcecode.swift; path = DBController.swift; sourceTree = "<group>"; };
		0025D8261EBC8DA00010FA75 /* BaseDataFetcher.swift */ = {isa = PBXFileReference; fileEncoding = 4; lastKnownFileType = sourcecode.swift; path = BaseDataFetcher.swift; sourceTree = "<group>"; };
		0025D8281EBC8DA00010FA75 /* CarsDataFetcher.swift */ = {isa = PBXFileReference; fileEncoding = 4; lastKnownFileType = sourcecode.swift; path = CarsDataFetcher.swift; sourceTree = "<group>"; };
		0025D82D1EBC95880010FA75 /* VehicleTableViewCell.swift */ = {isa = PBXFileReference; fileEncoding = 4; lastKnownFileType = sourcecode.swift; path = VehicleTableViewCell.swift; sourceTree = "<group>"; };
		0025D8311EBC95EA0010FA75 /* VehicleTableViewCell.xib */ = {isa = PBXFileReference; fileEncoding = 4; lastKnownFileType = file.xib; path = VehicleTableViewCell.xib; sourceTree = "<group>"; };
		0025D8331EBDAC8A0010FA75 /* CarsSearch-Bridging-Header.h */ = {isa = PBXFileReference; lastKnownFileType = sourcecode.c.h; path = "CarsSearch-Bridging-Header.h"; sourceTree = "<group>"; };
		0025D83A1EBDBDA80010FA75 /* AysncLoadImage+UIImageView.swift */ = {isa = PBXFileReference; fileEncoding = 4; lastKnownFileType = sourcecode.swift; path = "AysncLoadImage+UIImageView.swift"; sourceTree = "<group>"; };
		0025D83C1EBDD55E0010FA75 /* Sorting+BaseCarListViewController.swift */ = {isa = PBXFileReference; fileEncoding = 4; lastKnownFileType = sourcecode.swift; path = "Sorting+BaseCarListViewController.swift"; sourceTree = "<group>"; };
		00D851411EBC541E008210E0 /* CarsSearch.app */ = {isa = PBXFileReference; explicitFileType = wrapper.application; includeInIndex = 0; path = CarsSearch.app; sourceTree = BUILT_PRODUCTS_DIR; };
		00D851441EBC541E008210E0 /* AppDelegate.swift */ = {isa = PBXFileReference; lastKnownFileType = sourcecode.swift; path = AppDelegate.swift; sourceTree = "<group>"; };
		00D851491EBC541E008210E0 /* Base */ = {isa = PBXFileReference; lastKnownFileType = file.storyboard; name = Base; path = Base.lproj/Main.storyboard; sourceTree = "<group>"; };
		00D8514B1EBC541E008210E0 /* Assets.xcassets */ = {isa = PBXFileReference; lastKnownFileType = folder.assetcatalog; path = Assets.xcassets; sourceTree = "<group>"; };
		00D8514E1EBC541E008210E0 /* Base */ = {isa = PBXFileReference; lastKnownFileType = file.storyboard; name = Base; path = Base.lproj/LaunchScreen.storyboard; sourceTree = "<group>"; };
		00D851501EBC541E008210E0 /* Info.plist */ = {isa = PBXFileReference; lastKnownFileType = text.plist.xml; path = Info.plist; sourceTree = "<group>"; };
		00D851551EBC541E008210E0 /* CarsSearchTests.xctest */ = {isa = PBXFileReference; explicitFileType = wrapper.cfbundle; includeInIndex = 0; path = CarsSearchTests.xctest; sourceTree = BUILT_PRODUCTS_DIR; };
		00D851591EBC541E008210E0 /* CarsSearchTests.swift */ = {isa = PBXFileReference; lastKnownFileType = sourcecode.swift; path = CarsSearchTests.swift; sourceTree = "<group>"; };
		00D8515B1EBC541E008210E0 /* Info.plist */ = {isa = PBXFileReference; lastKnownFileType = text.plist.xml; path = Info.plist; sourceTree = "<group>"; };
		00D851601EBC541E008210E0 /* CarsSearchUITests.xctest */ = {isa = PBXFileReference; explicitFileType = wrapper.cfbundle; includeInIndex = 0; path = CarsSearchUITests.xctest; sourceTree = BUILT_PRODUCTS_DIR; };
		00D851641EBC541E008210E0 /* CarsSearchUITests.swift */ = {isa = PBXFileReference; lastKnownFileType = sourcecode.swift; path = CarsSearchUITests.swift; sourceTree = "<group>"; };
		00D851661EBC541E008210E0 /* Info.plist */ = {isa = PBXFileReference; lastKnownFileType = text.plist.xml; path = Info.plist; sourceTree = "<group>"; };
		028BDB53072C862A566E570F /* Pods-CarsSearchTests.debug.xcconfig */ = {isa = PBXFileReference; includeInIndex = 1; lastKnownFileType = text.xcconfig; name = "Pods-CarsSearchTests.debug.xcconfig"; path = "Pods/Target Support Files/Pods-CarsSearchTests/Pods-CarsSearchTests.debug.xcconfig"; sourceTree = "<group>"; };
		31D7BC9ADBC9238CC2D4A40D /* Pods-CarsSearchUITests.release.xcconfig */ = {isa = PBXFileReference; includeInIndex = 1; lastKnownFileType = text.xcconfig; name = "Pods-CarsSearchUITests.release.xcconfig"; path = "Pods/Target Support Files/Pods-CarsSearchUITests/Pods-CarsSearchUITests.release.xcconfig"; sourceTree = "<group>"; };
		3A74FBD77573E77B1A7F832B /* Pods_CarsSearch.framework */ = {isa = PBXFileReference; explicitFileType = wrapper.framework; includeInIndex = 0; path = Pods_CarsSearch.framework; sourceTree = BUILT_PRODUCTS_DIR; };
		40E25A767EBD9850FF272C0D /* Pods_CarsSearchTests.framework */ = {isa = PBXFileReference; explicitFileType = wrapper.framework; includeInIndex = 0; path = Pods_CarsSearchTests.framework; sourceTree = BUILT_PRODUCTS_DIR; };
		5A026D7C97E621FD73868AAD /* Pods-CarsSearchTests.release.xcconfig */ = {isa = PBXFileReference; includeInIndex = 1; lastKnownFileType = text.xcconfig; name = "Pods-CarsSearchTests.release.xcconfig"; path = "Pods/Target Support Files/Pods-CarsSearchTests/Pods-CarsSearchTests.release.xcconfig"; sourceTree = "<group>"; };
		847A6031C6B5A02BFEC59AFC /* Pods-CarsSearch.release.xcconfig */ = {isa = PBXFileReference; includeInIndex = 1; lastKnownFileType = text.xcconfig; name = "Pods-CarsSearch.release.xcconfig"; path = "Pods/Target Support Files/Pods-CarsSearch/Pods-CarsSearch.release.xcconfig"; sourceTree = "<group>"; };
		AFA6E92AD3AF2EFC1A0FB56A /* Pods-CarsSearchUITests.debug.xcconfig */ = {isa = PBXFileReference; includeInIndex = 1; lastKnownFileType = text.xcconfig; name = "Pods-CarsSearchUITests.debug.xcconfig"; path = "Pods/Target Support Files/Pods-CarsSearchUITests/Pods-CarsSearchUITests.debug.xcconfig"; sourceTree = "<group>"; };
		CEB8CF5A7BDC3630538B0C35 /* Pods-CarsSearch.debug.xcconfig */ = {isa = PBXFileReference; includeInIndex = 1; lastKnownFileType = text.xcconfig; name = "Pods-CarsSearch.debug.xcconfig"; path = "Pods/Target Support Files/Pods-CarsSearch/Pods-CarsSearch.debug.xcconfig"; sourceTree = "<group>"; };
		F0E414503A1E670FE6A49D1E /* Pods_CarsSearchUITests.framework */ = {isa = PBXFileReference; explicitFileType = wrapper.framework; includeInIndex = 0; path = Pods_CarsSearchUITests.framework; sourceTree = BUILT_PRODUCTS_DIR; };
/* End PBXFileReference section */

/* Begin PBXFrameworksBuildPhase section */
		00D8513E1EBC541E008210E0 /* Frameworks */ = {
			isa = PBXFrameworksBuildPhase;
			buildActionMask = 2147483647;
			files = (
				8C299148DC96A5A10AFB888F /* Pods_CarsSearch.framework in Frameworks */,
			);
			runOnlyForDeploymentPostprocessing = 0;
		};
		00D851521EBC541E008210E0 /* Frameworks */ = {
			isa = PBXFrameworksBuildPhase;
			buildActionMask = 2147483647;
			files = (
				CB4A9D69C5101860A533EAC3 /* Pods_CarsSearchTests.framework in Frameworks */,
			);
			runOnlyForDeploymentPostprocessing = 0;
		};
		00D8515D1EBC541E008210E0 /* Frameworks */ = {
			isa = PBXFrameworksBuildPhase;
			buildActionMask = 2147483647;
			files = (
				7B365BBFD418A54A3D01BFA8 /* Pods_CarsSearchUITests.framework in Frameworks */,
			);
			runOnlyForDeploymentPostprocessing = 0;
		};
/* End PBXFrameworksBuildPhase section */

/* Begin PBXGroup section */
		0025D7F01EBC5A950010FA75 /* ViewControllers */ = {
			isa = PBXGroup;
			children = (
				0025D7FE1EBC62750010FA75 /* RootTabViewController */,
				0025D7F71EBC5D0D0010FA75 /* FavoriteListViewController */,
				0025D7F61EBC5D010010FA75 /* CarListViewController */,
				0025D7F31EBC5CD00010FA75 /* BaseViewControllers */,
			);
			path = ViewControllers;
			sourceTree = "<group>";
		};
		0025D7F31EBC5CD00010FA75 /* BaseViewControllers */ = {
			isa = PBXGroup;
			children = (
				0025D7F41EBC5CE80010FA75 /* BaseCarListViewController.swift */,
				0025D83C1EBDD55E0010FA75 /* Sorting+BaseCarListViewController.swift */,
			);
			path = BaseViewControllers;
			sourceTree = "<group>";
		};
		0025D7F61EBC5D010010FA75 /* CarListViewController */ = {
			isa = PBXGroup;
			children = (
				0025D7FA1EBC5D1D0010FA75 /* CarListViewController.swift */,
			);
			path = CarListViewController;
			sourceTree = "<group>";
		};
		0025D7F71EBC5D0D0010FA75 /* FavoriteListViewController */ = {
			isa = PBXGroup;
			children = (
				0025D7F81EBC5D150010FA75 /* FavoriteListViewController.swift */,
			);
			path = FavoriteListViewController;
			sourceTree = "<group>";
		};
		0025D7FE1EBC62750010FA75 /* RootTabViewController */ = {
			isa = PBXGroup;
			children = (
				0025D7FF1EBC627F0010FA75 /* RootTabViewController.swift */,
			);
			path = RootTabViewController;
			sourceTree = "<group>";
		};
		0025D8011EBC66CD0010FA75 /* DataAccessLayer */ = {
			isa = PBXGroup;
			children = (
				0025D8241EBC8DA00010FA75 /* DataFetchers */,
				0025D8021EBC66E30010FA75 /* DataAccessController */,
			);
			path = DataAccessLayer;
			sourceTree = "<group>";
		};
		0025D8021EBC66E30010FA75 /* DataAccessController */ = {
			isa = PBXGroup;
			children = (
				0025D8061EBC67190010FA75 /* DataAccessController.swift */,
				0025D81E1EBC73350010FA75 /* OnlineController.swift */,
				0025D8201EBC73400010FA75 /* FavoritesController.swift */,
				0025D8221EBC8B5F0010FA75 /* DBController.swift */,
			);
			path = DataAccessController;
			sourceTree = "<group>";
		};
		0025D80D1EBC679F0010FA75 /* Resources */ = {
			isa = PBXGroup;
			children = (
				0025D80E1EBC67AF0010FA75 /* Settings.plist */,
			);
			path = Resources;
			sourceTree = "<group>";
		};
		0025D8171EBC6E270010FA75 /* Models */ = {
			isa = PBXGroup;
			children = (
				0025D8191EBC6ED00010FA75 /* Vehicle.swift */,
			);
			path = Models;
			sourceTree = "<group>";
		};
		0025D8241EBC8DA00010FA75 /* DataFetchers */ = {
			isa = PBXGroup;
			children = (
				0025D8251EBC8DA00010FA75 /* BaseDataFetcher */,
				0025D8271EBC8DA00010FA75 /* CarsDataFetcher */,
			);
			path = DataFetchers;
			sourceTree = "<group>";
		};
		0025D8251EBC8DA00010FA75 /* BaseDataFetcher */ = {
			isa = PBXGroup;
			children = (
				0025D8261EBC8DA00010FA75 /* BaseDataFetcher.swift */,
			);
			path = BaseDataFetcher;
			sourceTree = "<group>";
		};
		0025D8271EBC8DA00010FA75 /* CarsDataFetcher */ = {
			isa = PBXGroup;
			children = (
				0025D8281EBC8DA00010FA75 /* CarsDataFetcher.swift */,
			);
			path = CarsDataFetcher;
			sourceTree = "<group>";
		};
		0025D82B1EBC95680010FA75 /* Views */ = {
			isa = PBXGroup;
			children = (
				0025D82C1EBC95800010FA75 /* VehicleTableViewCell */,
			);
			path = Views;
			sourceTree = "<group>";
		};
		0025D82C1EBC95800010FA75 /* VehicleTableViewCell */ = {
			isa = PBXGroup;
			children = (
				0025D82D1EBC95880010FA75 /* VehicleTableViewCell.swift */,
				0025D8311EBC95EA0010FA75 /* VehicleTableViewCell.xib */,
			);
			path = VehicleTableViewCell;
			sourceTree = "<group>";
		};
		0025D8391EBDBD900010FA75 /* Extentions */ = {
			isa = PBXGroup;
			children = (
				0025D83A1EBDBDA80010FA75 /* AysncLoadImage+UIImageView.swift */,
			);
			path = Extentions;
			sourceTree = "<group>";
		};
		00D851381EBC541E008210E0 = {
			isa = PBXGroup;
			children = (
				0025D7FC1EBC5EF50010FA75 /* Media.xcassets */,
				00D851431EBC541E008210E0 /* CarsSearch */,
				00D851581EBC541E008210E0 /* CarsSearchTests */,
				00D851631EBC541E008210E0 /* CarsSearchUITests */,
				00D851421EBC541E008210E0 /* Products */,
				CFAA5A01682E094D8EFC21FB /* Pods */,
				B14741D3FC7EAEF1BE883B1A /* Frameworks */,
			);
			sourceTree = "<group>";
		};
		00D851421EBC541E008210E0 /* Products */ = {
			isa = PBXGroup;
			children = (
				00D851411EBC541E008210E0 /* CarsSearch.app */,
				00D851551EBC541E008210E0 /* CarsSearchTests.xctest */,
				00D851601EBC541E008210E0 /* CarsSearchUITests.xctest */,
			);
			name = Products;
			sourceTree = "<group>";
		};
		00D851431EBC541E008210E0 /* CarsSearch */ = {
			isa = PBXGroup;
			children = (
				0025D8391EBDBD900010FA75 /* Extentions */,
				0025D82B1EBC95680010FA75 /* Views */,
				0025D8171EBC6E270010FA75 /* Models */,
				0025D80D1EBC679F0010FA75 /* Resources */,
				0025D8011EBC66CD0010FA75 /* DataAccessLayer */,
				0025D7F01EBC5A950010FA75 /* ViewControllers */,
				00D851441EBC541E008210E0 /* AppDelegate.swift */,
				00D851481EBC541E008210E0 /* Main.storyboard */,
				00D8514B1EBC541E008210E0 /* Assets.xcassets */,
				00D8514D1EBC541E008210E0 /* LaunchScreen.storyboard */,
				00D851501EBC541E008210E0 /* Info.plist */,
				0025D8331EBDAC8A0010FA75 /* CarsSearch-Bridging-Header.h */,
			);
			path = CarsSearch;
			sourceTree = "<group>";
		};
		00D851581EBC541E008210E0 /* CarsSearchTests */ = {
			isa = PBXGroup;
			children = (
				00D851591EBC541E008210E0 /* CarsSearchTests.swift */,
				00D8515B1EBC541E008210E0 /* Info.plist */,
			);
			path = CarsSearchTests;
			sourceTree = "<group>";
		};
		00D851631EBC541E008210E0 /* CarsSearchUITests */ = {
			isa = PBXGroup;
			children = (
				00D851641EBC541E008210E0 /* CarsSearchUITests.swift */,
				00D851661EBC541E008210E0 /* Info.plist */,
			);
			path = CarsSearchUITests;
			sourceTree = "<group>";
		};
		B14741D3FC7EAEF1BE883B1A /* Frameworks */ = {
			isa = PBXGroup;
			children = (
				3A74FBD77573E77B1A7F832B /* Pods_CarsSearch.framework */,
				40E25A767EBD9850FF272C0D /* Pods_CarsSearchTests.framework */,
				F0E414503A1E670FE6A49D1E /* Pods_CarsSearchUITests.framework */,
			);
			name = Frameworks;
			sourceTree = "<group>";
		};
		CFAA5A01682E094D8EFC21FB /* Pods */ = {
			isa = PBXGroup;
			children = (
				CEB8CF5A7BDC3630538B0C35 /* Pods-CarsSearch.debug.xcconfig */,
				847A6031C6B5A02BFEC59AFC /* Pods-CarsSearch.release.xcconfig */,
				028BDB53072C862A566E570F /* Pods-CarsSearchTests.debug.xcconfig */,
				5A026D7C97E621FD73868AAD /* Pods-CarsSearchTests.release.xcconfig */,
				AFA6E92AD3AF2EFC1A0FB56A /* Pods-CarsSearchUITests.debug.xcconfig */,
				31D7BC9ADBC9238CC2D4A40D /* Pods-CarsSearchUITests.release.xcconfig */,
			);
			name = Pods;
			sourceTree = "<group>";
		};
/* End PBXGroup section */

/* Begin PBXNativeTarget section */
		00D851401EBC541E008210E0 /* CarsSearch */ = {
			isa = PBXNativeTarget;
			buildConfigurationList = 00D851691EBC541E008210E0 /* Build configuration list for PBXNativeTarget "CarsSearch" */;
			buildPhases = (
				2798323B6C84699EE7FDABA4 /* [CP] Check Pods Manifest.lock */,
				00D8513D1EBC541E008210E0 /* Sources */,
				00D8513E1EBC541E008210E0 /* Frameworks */,
				00D8513F1EBC541E008210E0 /* Resources */,
				49A3663B71BFA1D628096236 /* [CP] Embed Pods Frameworks */,
				F9756AACE4440762273C607D /* [CP] Copy Pods Resources */,
			);
			buildRules = (
			);
			dependencies = (
			);
			name = CarsSearch;
			productName = CarsSearch;
			productReference = 00D851411EBC541E008210E0 /* CarsSearch.app */;
			productType = "com.apple.product-type.application";
		};
		00D851541EBC541E008210E0 /* CarsSearchTests */ = {
			isa = PBXNativeTarget;
			buildConfigurationList = 00D8516C1EBC541E008210E0 /* Build configuration list for PBXNativeTarget "CarsSearchTests" */;
			buildPhases = (
				3D4E3034A6255E9BF7CDFCB5 /* [CP] Check Pods Manifest.lock */,
				00D851511EBC541E008210E0 /* Sources */,
				00D851521EBC541E008210E0 /* Frameworks */,
				00D851531EBC541E008210E0 /* Resources */,
				7112AB512D9605DC47FD58E1 /* [CP] Embed Pods Frameworks */,
				C8BB0BB98FBA8A889A6596C9 /* [CP] Copy Pods Resources */,
			);
			buildRules = (
			);
			dependencies = (
				00D851571EBC541E008210E0 /* PBXTargetDependency */,
			);
			name = CarsSearchTests;
			productName = CarsSearchTests;
			productReference = 00D851551EBC541E008210E0 /* CarsSearchTests.xctest */;
			productType = "com.apple.product-type.bundle.unit-test";
		};
		00D8515F1EBC541E008210E0 /* CarsSearchUITests */ = {
			isa = PBXNativeTarget;
			buildConfigurationList = 00D8516F1EBC541E008210E0 /* Build configuration list for PBXNativeTarget "CarsSearchUITests" */;
			buildPhases = (
				0006A0F5A500503D1A57BB50 /* [CP] Check Pods Manifest.lock */,
				00D8515C1EBC541E008210E0 /* Sources */,
				00D8515D1EBC541E008210E0 /* Frameworks */,
				00D8515E1EBC541E008210E0 /* Resources */,
				384252BD737F3278579A2AE9 /* [CP] Embed Pods Frameworks */,
				D3B47585AF4C297CE9784048 /* [CP] Copy Pods Resources */,
			);
			buildRules = (
			);
			dependencies = (
				00D851621EBC541E008210E0 /* PBXTargetDependency */,
			);
			name = CarsSearchUITests;
			productName = CarsSearchUITests;
			productReference = 00D851601EBC541E008210E0 /* CarsSearchUITests.xctest */;
			productType = "com.apple.product-type.bundle.ui-testing";
		};
/* End PBXNativeTarget section */

/* Begin PBXProject section */
		00D851391EBC541E008210E0 /* Project object */ = {
			isa = PBXProject;
			attributes = {
				LastSwiftUpdateCheck = 0830;
				LastUpgradeCheck = 0830;
				ORGANIZATIONNAME = Yahia;
				TargetAttributes = {
					00D851401EBC541E008210E0 = {
						CreatedOnToolsVersion = 8.3.2;
						DevelopmentTeam = 45GZ4XUHCD;
						LastSwiftMigration = 0830;
						ProvisioningStyle = Automatic;
					};
					00D851541EBC541E008210E0 = {
						CreatedOnToolsVersion = 8.3.2;
						ProvisioningStyle = Automatic;
						TestTargetID = 00D851401EBC541E008210E0;
					};
					00D8515F1EBC541E008210E0 = {
						CreatedOnToolsVersion = 8.3.2;
						ProvisioningStyle = Automatic;
						TestTargetID = 00D851401EBC541E008210E0;
					};
				};
			};
			buildConfigurationList = 00D8513C1EBC541E008210E0 /* Build configuration list for PBXProject "CarsSearch" */;
			compatibilityVersion = "Xcode 3.2";
			developmentRegion = English;
			hasScannedForEncodings = 0;
			knownRegions = (
				en,
				Base,
			);
			mainGroup = 00D851381EBC541E008210E0;
			productRefGroup = 00D851421EBC541E008210E0 /* Products */;
			projectDirPath = "";
			projectRoot = "";
			targets = (
				00D851401EBC541E008210E0 /* CarsSearch */,
				00D851541EBC541E008210E0 /* CarsSearchTests */,
				00D8515F1EBC541E008210E0 /* CarsSearchUITests */,
			);
		};
/* End PBXProject section */

/* Begin PBXResourcesBuildPhase section */
		00D8513F1EBC541E008210E0 /* Resources */ = {
			isa = PBXResourcesBuildPhase;
			buildActionMask = 2147483647;
			files = (
				0025D8321EBC95EA0010FA75 /* VehicleTableViewCell.xib in Resources */,
				00D8514F1EBC541E008210E0 /* LaunchScreen.storyboard in Resources */,
				00D8514C1EBC541E008210E0 /* Assets.xcassets in Resources */,
				0025D7FD1EBC5EF50010FA75 /* Media.xcassets in Resources */,
				00D8514A1EBC541E008210E0 /* Main.storyboard in Resources */,
				0025D80F1EBC67AF0010FA75 /* Settings.plist in Resources */,
			);
			runOnlyForDeploymentPostprocessing = 0;
		};
		00D851531EBC541E008210E0 /* Resources */ = {
			isa = PBXResourcesBuildPhase;
			buildActionMask = 2147483647;
			files = (
			);
			runOnlyForDeploymentPostprocessing = 0;
		};
		00D8515E1EBC541E008210E0 /* Resources */ = {
			isa = PBXResourcesBuildPhase;
			buildActionMask = 2147483647;
			files = (
			);
			runOnlyForDeploymentPostprocessing = 0;
		};
/* End PBXResourcesBuildPhase section */

/* Begin PBXShellScriptBuildPhase section */
		0006A0F5A500503D1A57BB50 /* [CP] Check Pods Manifest.lock */ = {
			isa = PBXShellScriptBuildPhase;
			buildActionMask = 2147483647;
			files = (
			);
			inputPaths = (
			);
			name = "[CP] Check Pods Manifest.lock";
			outputPaths = (
			);
			runOnlyForDeploymentPostprocessing = 0;
			shellPath = /bin/sh;
			shellScript = "diff \"${PODS_ROOT}/../Podfile.lock\" \"${PODS_ROOT}/Manifest.lock\" > /dev/null\nif [ $? != 0 ] ; then\n    # print error to STDERR\n    echo \"error: The sandbox is not in sync with the Podfile.lock. Run 'pod install' or update your CocoaPods installation.\" >&2\n    exit 1\nfi\n";
			showEnvVarsInLog = 0;
		};
		2798323B6C84699EE7FDABA4 /* [CP] Check Pods Manifest.lock */ = {
			isa = PBXShellScriptBuildPhase;
			buildActionMask = 2147483647;
			files = (
			);
			inputPaths = (
			);
			name = "[CP] Check Pods Manifest.lock";
			outputPaths = (
			);
			runOnlyForDeploymentPostprocessing = 0;
			shellPath = /bin/sh;
			shellScript = "diff \"${PODS_ROOT}/../Podfile.lock\" \"${PODS_ROOT}/Manifest.lock\" > /dev/null\nif [ $? != 0 ] ; then\n    # print error to STDERR\n    echo \"error: The sandbox is not in sync with the Podfile.lock. Run 'pod install' or update your CocoaPods installation.\" >&2\n    exit 1\nfi\n";
			showEnvVarsInLog = 0;
		};
		384252BD737F3278579A2AE9 /* [CP] Embed Pods Frameworks */ = {
			isa = PBXShellScriptBuildPhase;
			buildActionMask = 2147483647;
			files = (
			);
			inputPaths = (
			);
			name = "[CP] Embed Pods Frameworks";
			outputPaths = (
			);
			runOnlyForDeploymentPostprocessing = 0;
			shellPath = /bin/sh;
			shellScript = "\"${SRCROOT}/Pods/Target Support Files/Pods-CarsSearchUITests/Pods-CarsSearchUITests-frameworks.sh\"\n";
			showEnvVarsInLog = 0;
		};
		3D4E3034A6255E9BF7CDFCB5 /* [CP] Check Pods Manifest.lock */ = {
			isa = PBXShellScriptBuildPhase;
			buildActionMask = 2147483647;
			files = (
			);
			inputPaths = (
			);
			name = "[CP] Check Pods Manifest.lock";
			outputPaths = (
			);
			runOnlyForDeploymentPostprocessing = 0;
			shellPath = /bin/sh;
			shellScript = "diff \"${PODS_ROOT}/../Podfile.lock\" \"${PODS_ROOT}/Manifest.lock\" > /dev/null\nif [ $? != 0 ] ; then\n    # print error to STDERR\n    echo \"error: The sandbox is not in sync with the Podfile.lock. Run 'pod install' or update your CocoaPods installation.\" >&2\n    exit 1\nfi\n";
			showEnvVarsInLog = 0;
		};
		49A3663B71BFA1D628096236 /* [CP] Embed Pods Frameworks */ = {
			isa = PBXShellScriptBuildPhase;
			buildActionMask = 2147483647;
			files = (
			);
			inputPaths = (
			);
			name = "[CP] Embed Pods Frameworks";
			outputPaths = (
			);
			runOnlyForDeploymentPostprocessing = 0;
			shellPath = /bin/sh;
			shellScript = "\"${SRCROOT}/Pods/Target Support Files/Pods-CarsSearch/Pods-CarsSearch-frameworks.sh\"\n";
			showEnvVarsInLog = 0;
		};
		7112AB512D9605DC47FD58E1 /* [CP] Embed Pods Frameworks */ = {
			isa = PBXShellScriptBuildPhase;
			buildActionMask = 2147483647;
			files = (
			);
			inputPaths = (
			);
			name = "[CP] Embed Pods Frameworks";
			outputPaths = (
			);
			runOnlyForDeploymentPostprocessing = 0;
			shellPath = /bin/sh;
			shellScript = "\"${SRCROOT}/Pods/Target Support Files/Pods-CarsSearchTests/Pods-CarsSearchTests-frameworks.sh\"\n";
			showEnvVarsInLog = 0;
		};
		C8BB0BB98FBA8A889A6596C9 /* [CP] Copy Pods Resources */ = {
			isa = PBXShellScriptBuildPhase;
			buildActionMask = 2147483647;
			files = (
			);
			inputPaths = (
			);
			name = "[CP] Copy Pods Resources";
			outputPaths = (
			);
			runOnlyForDeploymentPostprocessing = 0;
			shellPath = /bin/sh;
			shellScript = "\"${SRCROOT}/Pods/Target Support Files/Pods-CarsSearchTests/Pods-CarsSearchTests-resources.sh\"\n";
			showEnvVarsInLog = 0;
		};
		D3B47585AF4C297CE9784048 /* [CP] Copy Pods Resources */ = {
			isa = PBXShellScriptBuildPhase;
			buildActionMask = 2147483647;
			files = (
			);
			inputPaths = (
			);
			name = "[CP] Copy Pods Resources";
			outputPaths = (
			);
			runOnlyForDeploymentPostprocessing = 0;
			shellPath = /bin/sh;
			shellScript = "\"${SRCROOT}/Pods/Target Support Files/Pods-CarsSearchUITests/Pods-CarsSearchUITests-resources.sh\"\n";
			showEnvVarsInLog = 0;
		};
		F9756AACE4440762273C607D /* [CP] Copy Pods Resources */ = {
			isa = PBXShellScriptBuildPhase;
			buildActionMask = 2147483647;
			files = (
			);
			inputPaths = (
			);
			name = "[CP] Copy Pods Resources";
			outputPaths = (
			);
			runOnlyForDeploymentPostprocessing = 0;
			shellPath = /bin/sh;
			shellScript = "\"${SRCROOT}/Pods/Target Support Files/Pods-CarsSearch/Pods-CarsSearch-resources.sh\"\n";
			showEnvVarsInLog = 0;
		};
/* End PBXShellScriptBuildPhase section */

/* Begin PBXSourcesBuildPhase section */
		00D8513D1EBC541E008210E0 /* Sources */ = {
			isa = PBXSourcesBuildPhase;
			buildActionMask = 2147483647;
			files = (
				0025D7F91EBC5D150010FA75 /* FavoriteListViewController.swift in Sources */,
				0025D7FB1EBC5D1D0010FA75 /* CarListViewController.swift in Sources */,
				0025D7F51EBC5CE80010FA75 /* BaseCarListViewController.swift in Sources */,
				0025D8071EBC67190010FA75 /* DataAccessController.swift in Sources */,
				0025D83B1EBDBDA80010FA75 /* AysncLoadImage+UIImageView.swift in Sources */,
				0025D82A1EBC8DA00010FA75 /* CarsDataFetcher.swift in Sources */,
				00D851451EBC541E008210E0 /* AppDelegate.swift in Sources */,
				0025D81F1EBC73350010FA75 /* OnlineController.swift in Sources */,
				0025D81B1EBC6ED00010FA75 /* Vehicle.swift in Sources */,
				0025D82E1EBC95880010FA75 /* VehicleTableViewCell.swift in Sources */,
				0025D8291EBC8DA00010FA75 /* BaseDataFetcher.swift in Sources */,
				0025D83D1EBDD55E0010FA75 /* Sorting+BaseCarListViewController.swift in Sources */,
				0025D8001EBC627F0010FA75 /* RootTabViewController.swift in Sources */,
				0025D8211EBC73400010FA75 /* FavoritesController.swift in Sources */,
				0025D8231EBC8B5F0010FA75 /* DBController.swift in Sources */,
			);
			runOnlyForDeploymentPostprocessing = 0;
		};
		00D851511EBC541E008210E0 /* Sources */ = {
			isa = PBXSourcesBuildPhase;
			buildActionMask = 2147483647;
			files = (
				00D8515A1EBC541E008210E0 /* CarsSearchTests.swift in Sources */,
			);
			runOnlyForDeploymentPostprocessing = 0;
		};
		00D8515C1EBC541E008210E0 /* Sources */ = {
			isa = PBXSourcesBuildPhase;
			buildActionMask = 2147483647;
			files = (
				00D851651EBC541E008210E0 /* CarsSearchUITests.swift in Sources */,
			);
			runOnlyForDeploymentPostprocessing = 0;
		};
/* End PBXSourcesBuildPhase section */

/* Begin PBXTargetDependency section */
		00D851571EBC541E008210E0 /* PBXTargetDependency */ = {
			isa = PBXTargetDependency;
			target = 00D851401EBC541E008210E0 /* CarsSearch */;
			targetProxy = 00D851561EBC541E008210E0 /* PBXContainerItemProxy */;
		};
		00D851621EBC541E008210E0 /* PBXTargetDependency */ = {
			isa = PBXTargetDependency;
			target = 00D851401EBC541E008210E0 /* CarsSearch */;
			targetProxy = 00D851611EBC541E008210E0 /* PBXContainerItemProxy */;
		};
/* End PBXTargetDependency section */

/* Begin PBXVariantGroup section */
		00D851481EBC541E008210E0 /* Main.storyboard */ = {
			isa = PBXVariantGroup;
			children = (
				00D851491EBC541E008210E0 /* Base */,
			);
			name = Main.storyboard;
			sourceTree = "<group>";
		};
		00D8514D1EBC541E008210E0 /* LaunchScreen.storyboard */ = {
			isa = PBXVariantGroup;
			children = (
				00D8514E1EBC541E008210E0 /* Base */,
			);
			name = LaunchScreen.storyboard;
			sourceTree = "<group>";
		};
/* End PBXVariantGroup section */

/* Begin XCBuildConfiguration section */
		00D851671EBC541E008210E0 /* Debug */ = {
			isa = XCBuildConfiguration;
			buildSettings = {
				ALWAYS_SEARCH_USER_PATHS = NO;
				CLANG_ANALYZER_NONNULL = YES;
				CLANG_ANALYZER_NUMBER_OBJECT_CONVERSION = YES_AGGRESSIVE;
				CLANG_CXX_LANGUAGE_STANDARD = "gnu++0x";
				CLANG_CXX_LIBRARY = "libc++";
				CLANG_ENABLE_MODULES = YES;
				CLANG_ENABLE_OBJC_ARC = YES;
				CLANG_WARN_BOOL_CONVERSION = YES;
				CLANG_WARN_CONSTANT_CONVERSION = YES;
				CLANG_WARN_DIRECT_OBJC_ISA_USAGE = YES_ERROR;
				CLANG_WARN_DOCUMENTATION_COMMENTS = YES;
				CLANG_WARN_EMPTY_BODY = YES;
				CLANG_WARN_ENUM_CONVERSION = YES;
				CLANG_WARN_INFINITE_RECURSION = YES;
				CLANG_WARN_INT_CONVERSION = YES;
				CLANG_WARN_OBJC_ROOT_CLASS = YES_ERROR;
				CLANG_WARN_SUSPICIOUS_MOVE = YES;
				CLANG_WARN_UNREACHABLE_CODE = YES;
				CLANG_WARN__DUPLICATE_METHOD_MATCH = YES;
				"CODE_SIGN_IDENTITY[sdk=iphoneos*]" = "iPhone Developer";
				COPY_PHASE_STRIP = NO;
				DEBUG_INFORMATION_FORMAT = dwarf;
				ENABLE_STRICT_OBJC_MSGSEND = YES;
				ENABLE_TESTABILITY = YES;
				GCC_C_LANGUAGE_STANDARD = gnu99;
				GCC_DYNAMIC_NO_PIC = NO;
				GCC_NO_COMMON_BLOCKS = YES;
				GCC_OPTIMIZATION_LEVEL = 0;
				GCC_PREPROCESSOR_DEFINITIONS = (
					"DEBUG=1",
					"$(inherited)",
				);
				GCC_WARN_64_TO_32_BIT_CONVERSION = YES;
				GCC_WARN_ABOUT_RETURN_TYPE = YES_ERROR;
				GCC_WARN_UNDECLARED_SELECTOR = YES;
				GCC_WARN_UNINITIALIZED_AUTOS = YES_AGGRESSIVE;
				GCC_WARN_UNUSED_FUNCTION = YES;
				GCC_WARN_UNUSED_VARIABLE = YES;
				IPHONEOS_DEPLOYMENT_TARGET = 10.3;
				MTL_ENABLE_DEBUG_INFO = YES;
				ONLY_ACTIVE_ARCH = YES;
				OTHER_LDFLAGS = "$(inherited)";
				SDKROOT = iphoneos;
				SWIFT_ACTIVE_COMPILATION_CONDITIONS = DEBUG;
				SWIFT_OPTIMIZATION_LEVEL = "-Onone";
			};
			name = Debug;
		};
		00D851681EBC541E008210E0 /* Release */ = {
			isa = XCBuildConfiguration;
			buildSettings = {
				ALWAYS_SEARCH_USER_PATHS = NO;
				CLANG_ANALYZER_NONNULL = YES;
				CLANG_ANALYZER_NUMBER_OBJECT_CONVERSION = YES_AGGRESSIVE;
				CLANG_CXX_LANGUAGE_STANDARD = "gnu++0x";
				CLANG_CXX_LIBRARY = "libc++";
				CLANG_ENABLE_MODULES = YES;
				CLANG_ENABLE_OBJC_ARC = YES;
				CLANG_WARN_BOOL_CONVERSION = YES;
				CLANG_WARN_CONSTANT_CONVERSION = YES;
				CLANG_WARN_DIRECT_OBJC_ISA_USAGE = YES_ERROR;
				CLANG_WARN_DOCUMENTATION_COMMENTS = YES;
				CLANG_WARN_EMPTY_BODY = YES;
				CLANG_WARN_ENUM_CONVERSION = YES;
				CLANG_WARN_INFINITE_RECURSION = YES;
				CLANG_WARN_INT_CONVERSION = YES;
				CLANG_WARN_OBJC_ROOT_CLASS = YES_ERROR;
				CLANG_WARN_SUSPICIOUS_MOVE = YES;
				CLANG_WARN_UNREACHABLE_CODE = YES;
				CLANG_WARN__DUPLICATE_METHOD_MATCH = YES;
				"CODE_SIGN_IDENTITY[sdk=iphoneos*]" = "iPhone Developer";
				COPY_PHASE_STRIP = NO;
				DEBUG_INFORMATION_FORMAT = "dwarf-with-dsym";
				ENABLE_NS_ASSERTIONS = NO;
				ENABLE_STRICT_OBJC_MSGSEND = YES;
				GCC_C_LANGUAGE_STANDARD = gnu99;
				GCC_NO_COMMON_BLOCKS = YES;
				GCC_WARN_64_TO_32_BIT_CONVERSION = YES;
				GCC_WARN_ABOUT_RETURN_TYPE = YES_ERROR;
				GCC_WARN_UNDECLARED_SELECTOR = YES;
				GCC_WARN_UNINITIALIZED_AUTOS = YES_AGGRESSIVE;
				GCC_WARN_UNUSED_FUNCTION = YES;
				GCC_WARN_UNUSED_VARIABLE = YES;
				IPHONEOS_DEPLOYMENT_TARGET = 10.3;
				MTL_ENABLE_DEBUG_INFO = NO;
				OTHER_LDFLAGS = "$(inherited)";
				SDKROOT = iphoneos;
				SWIFT_OPTIMIZATION_LEVEL = "-Owholemodule";
				VALIDATE_PRODUCT = YES;
			};
			name = Release;
		};
		00D8516A1EBC541E008210E0 /* Debug */ = {
			isa = XCBuildConfiguration;
			baseConfigurationReference = CEB8CF5A7BDC3630538B0C35 /* Pods-CarsSearch.debug.xcconfig */;
			buildSettings = {
				ASSETCATALOG_COMPILER_APPICON_NAME = AppIcon;
				CLANG_ENABLE_MODULES = YES;
				DEVELOPMENT_TEAM = 45GZ4XUHCD;
				INFOPLIST_FILE = CarsSearch/Info.plist;
				IPHONEOS_DEPLOYMENT_TARGET = 9.0;
				LD_RUNPATH_SEARCH_PATHS = "$(inherited) @executable_path/Frameworks";
				PRODUCT_BUNDLE_IDENTIFIER = com.xyz.CarsSearch;
				PRODUCT_NAME = "$(TARGET_NAME)";
				SWIFT_OBJC_BRIDGING_HEADER = "CarsSearch/CarsSearch-Bridging-Header.h";
				SWIFT_OPTIMIZATION_LEVEL = "-Onone";
				SWIFT_VERSION = 3.0;
			};
			name = Debug;
		};
		00D8516B1EBC541E008210E0 /* Release */ = {
			isa = XCBuildConfiguration;
			baseConfigurationReference = 847A6031C6B5A02BFEC59AFC /* Pods-CarsSearch.release.xcconfig */;
			buildSettings = {
				ASSETCATALOG_COMPILER_APPICON_NAME = AppIcon;
				CLANG_ENABLE_MODULES = YES;
				DEVELOPMENT_TEAM = 45GZ4XUHCD;
				INFOPLIST_FILE = CarsSearch/Info.plist;
				IPHONEOS_DEPLOYMENT_TARGET = 9.0;
				LD_RUNPATH_SEARCH_PATHS = "$(inherited) @executable_path/Frameworks";
				PRODUCT_BUNDLE_IDENTIFIER = com.xyz.CarsSearch;
				PRODUCT_NAME = "$(TARGET_NAME)";
				SWIFT_OBJC_BRIDGING_HEADER = "CarsSearch/CarsSearch-Bridging-Header.h";
				SWIFT_VERSION = 3.0;
			};
			name = Release;
		};
		00D8516D1EBC541E008210E0 /* Debug */ = {
			isa = XCBuildConfiguration;
			baseConfigurationReference = 028BDB53072C862A566E570F /* Pods-CarsSearchTests.debug.xcconfig */;
			buildSettings = {
				ALWAYS_EMBED_SWIFT_STANDARD_LIBRARIES = YES;
				BUNDLE_LOADER = "$(TEST_HOST)";
				INFOPLIST_FILE = CarsSearchTests/Info.plist;
				LD_RUNPATH_SEARCH_PATHS = "$(inherited) @executable_path/Frameworks @loader_path/Frameworks";
				PRODUCT_BUNDLE_IDENTIFIER = com.xyz.CarsSearchTests;
				PRODUCT_NAME = "$(TARGET_NAME)";
				SWIFT_VERSION = 3.0;
				TEST_HOST = "$(BUILT_PRODUCTS_DIR)/CarsSearch.app/CarsSearch";
			};
			name = Debug;
		};
		00D8516E1EBC541E008210E0 /* Release */ = {
			isa = XCBuildConfiguration;
			baseConfigurationReference = 5A026D7C97E621FD73868AAD /* Pods-CarsSearchTests.release.xcconfig */;
			buildSettings = {
				ALWAYS_EMBED_SWIFT_STANDARD_LIBRARIES = YES;
				BUNDLE_LOADER = "$(TEST_HOST)";
				INFOPLIST_FILE = CarsSearchTests/Info.plist;
				LD_RUNPATH_SEARCH_PATHS = "$(inherited) @executable_path/Frameworks @loader_path/Frameworks";
				PRODUCT_BUNDLE_IDENTIFIER = com.xyz.CarsSearchTests;
				PRODUCT_NAME = "$(TARGET_NAME)";
				SWIFT_VERSION = 3.0;
				TEST_HOST = "$(BUILT_PRODUCTS_DIR)/CarsSearch.app/CarsSearch";
			};
			name = Release;
		};
		00D851701EBC541E008210E0 /* Debug */ = {
			isa = XCBuildConfiguration;
			baseConfigurationReference = AFA6E92AD3AF2EFC1A0FB56A /* Pods-CarsSearchUITests.debug.xcconfig */;
			buildSettings = {
				ALWAYS_EMBED_SWIFT_STANDARD_LIBRARIES = YES;
				INFOPLIST_FILE = CarsSearchUITests/Info.plist;
				LD_RUNPATH_SEARCH_PATHS = "$(inherited) @executable_path/Frameworks @loader_path/Frameworks";
				PRODUCT_BUNDLE_IDENTIFIER = com.xyz.CarsSearchUITests;
				PRODUCT_NAME = "$(TARGET_NAME)";
				SWIFT_VERSION = 3.0;
				TEST_TARGET_NAME = CarsSearch;
			};
			name = Debug;
		};
		00D851711EBC541E008210E0 /* Release */ = {
			isa = XCBuildConfiguration;
			baseConfigurationReference = 31D7BC9ADBC9238CC2D4A40D /* Pods-CarsSearchUITests.release.xcconfig */;
			buildSettings = {
				ALWAYS_EMBED_SWIFT_STANDARD_LIBRARIES = YES;
				INFOPLIST_FILE = CarsSearchUITests/Info.plist;
				LD_RUNPATH_SEARCH_PATHS = "$(inherited) @executable_path/Frameworks @loader_path/Frameworks";
				PRODUCT_BUNDLE_IDENTIFIER = com.xyz.CarsSearchUITests;
				PRODUCT_NAME = "$(TARGET_NAME)";
				SWIFT_VERSION = 3.0;
				TEST_TARGET_NAME = CarsSearch;
			};
			name = Release;
		};
/* End XCBuildConfiguration section */

/* Begin XCConfigurationList section */
		00D8513C1EBC541E008210E0 /* Build configuration list for PBXProject "CarsSearch" */ = {
			isa = XCConfigurationList;
			buildConfigurations = (
				00D851671EBC541E008210E0 /* Debug */,
				00D851681EBC541E008210E0 /* Release */,
			);
			defaultConfigurationIsVisible = 0;
			defaultConfigurationName = Release;
		};
		00D851691EBC541E008210E0 /* Build configuration list for PBXNativeTarget "CarsSearch" */ = {
			isa = XCConfigurationList;
			buildConfigurations = (
				00D8516A1EBC541E008210E0 /* Debug */,
				00D8516B1EBC541E008210E0 /* Release */,
			);
			defaultConfigurationIsVisible = 0;
			defaultConfigurationName = Release;
		};
		00D8516C1EBC541E008210E0 /* Build configuration list for PBXNativeTarget "CarsSearchTests" */ = {
			isa = XCConfigurationList;
			buildConfigurations = (
				00D8516D1EBC541E008210E0 /* Debug */,
				00D8516E1EBC541E008210E0 /* Release */,
			);
			defaultConfigurationIsVisible = 0;
			defaultConfigurationName = Release;
		};
		00D8516F1EBC541E008210E0 /* Build configuration list for PBXNativeTarget "CarsSearchUITests" */ = {
			isa = XCConfigurationList;
			buildConfigurations = (
				00D851701EBC541E008210E0 /* Debug */,
				00D851711EBC541E008210E0 /* Release */,
			);
			defaultConfigurationIsVisible = 0;
			defaultConfigurationName = Release;
		};
/* End XCConfigurationList section */
	};
	rootObject = 00D851391EBC541E008210E0 /* Project object */;
}
